{
  "name": "odblokowany-theme",
  "version": "1.1.3",
  "lockfileVersion": 1,
  "requires": true,
  "dependencies": {
    "debug": {
      "version": "2.6.9",
      "resolved": "https://registry.npmjs.org/debug/-/debug-2.6.9.tgz",
      "integrity": "sha512-bC7ElrdJaJnPbAP+1EotYvqZsb3ecl5wi6Bfi6BJTUcNowp6cvspg0jXznRTKDjm/E7AdgFBVeAPVMNcKGsHMA==",
      "requires": {
        "ms": "2.0.0"
      }
    },
    "jsonp": {
      "version": "0.2.1",
      "resolved": "https://registry.npmjs.org/jsonp/-/jsonp-0.2.1.tgz",
      "integrity": "sha1-pltPoPEL2nGaBUQep7lMVfPhW64=",
      "requires": {
        "debug": "^2.1.3"
      }
    },
    "ms": {
      "version": "2.0.0",
      "resolved": "https://registry.npmjs.org/ms/-/ms-2.0.0.tgz",
      "integrity": "sha1-VgiurfwAvmwpAd9fmGF4jeDVl8g="
    },
    "react-hook-form": {
      "version": "6.2.0",
      "resolved": "https://registry.npmjs.org/react-hook-form/-/react-hook-form-6.2.0.tgz",
      "integrity": "sha512-MZcVbTvif1wl8eJWGwdDebgFyrjma0R6m/eCY636WCAR6gDD/0i8XO0mvTF4DrelTf5e7L5OXJqT562PDGIzGg=="
    },
    "to-querystring": {
      "version": "1.1.0",
      "resolved": "https://registry.npmjs.org/to-querystring/-/to-querystring-1.1.0.tgz",
      "integrity": "sha512-nlYTDlLrE9+JJlEcoqEvOytgReSG4z8+hdHeSO8+WF4VLzF7sY5KFyIGvCEWJc0bROdMJsyhOnbPEb5R2LOI8A=="
    }
  }
}
